
Microsoft Visual Studio Solution File, Format Version 12.00
# Visual Studio Version 17
VisualStudioVersion = 17.5.33516.290
MinimumVisualStudioVersion = 10.0.40219.1
Project("{FAE04EC0-301F-11D3-BF4B-00C04F79EFBC}") = "Casadei.Michele.4i.stampante", "Casadei.Michele.4i.stampante.csproj", "{48FFD457-9127-4635-968E-2E2D74D68547}"
EndProject
Global
	GlobalSection(SolutionConfigurationPlatforms) = preSolution
		Debug|Any CPU = Debug|Any CPU
		Release|Any CPU = Release|Any CPU
	EndGlobalSection
	GlobalSection(ProjectConfigurationPlatforms) = postSolution
		{48FFD457-9127-4635-968E-2E2D74D68547}.Debug|Any CPU.ActiveCfg = Debug|Any CPU
		{48FFD457-9127-4635-968E-2E2D74D68547}.Debug|Any CPU.Build.0 = Debug|Any CPU
		{48FFD457-9127-4635-968E-2E2D74D68547}.Release|Any CPU.ActiveCfg = Release|Any CPU
		{48FFD457-9127-4635-968E-2E2D74D68547}.Release|Any CPU.Build.0 = Release|Any CPU
	EndGlobalSection
	GlobalSection(SolutionProperties) = preSolution
		HideSolutionNode = FALSE
	EndGlobalSection
	GlobalSection(ExtensibilityGlobals) = postSolution
		SolutionGuid = {CF7515B5-C135-464C-84D0-B1D71DFA690C}
	EndGlobalSection
EndGlobal
